
Microsoft Visual Studio Solution File, Format Version 12.00
# Visual Studio Version 17
VisualStudioVersion = 17.0.32014.148
MinimumVisualStudioVersion = 10.0.40219.1
Project("{FAE04EC0-301F-11D3-BF4B-00C04F79EFBC}") = "ListPractice", "ListPractice\ListPractice.csproj", "{220FB160-0CAD-41AC-9517-2771A43F4908}"
EndProject
Global
	GlobalSection(SolutionConfigurationPlatforms) = preSolution
		Debug|Any CPU = Debug|Any CPU
		Release|Any CPU = Release|Any CPU
	EndGlobalSection
	GlobalSection(ProjectConfigurationPlatforms) = postSolution
		{220FB160-0CAD-41AC-9517-2771A43F4908}.Debug|Any CPU.ActiveCfg = Debug|Any CPU
		{220FB160-0CAD-41AC-9517-2771A43F4908}.Debug|Any CPU.Build.0 = Debug|Any CPU
		{220FB160-0CAD-41AC-9517-2771A43F4908}.Release|Any CPU.ActiveCfg = Release|Any CPU
		{220FB160-0CAD-41AC-9517-2771A43F4908}.Release|Any CPU.Build.0 = Release|Any CPU
	EndGlobalSection
	GlobalSection(SolutionProperties) = preSolution
		HideSolutionNode = FALSE
	EndGlobalSection
	GlobalSection(ExtensibilityGlobals) = postSolution
		SolutionGuid = {C520AF75-AE3C-4DF8-894A-9A36B4B556B1}
	EndGlobalSection
EndGlobal
